
Microsoft Visual Studio Solution File, Format Version 12.00
# Visual Studio Version 16
VisualStudioVersion = 16.0.29806.167
MinimumVisualStudioVersion = 10.0.40219.1
Project("{E24C65DC-7377-472B-9ABA-BC803B73C61A}") = "HalloWCF", "HalloWCF\", "{4A9F54C2-5E14-4DD7-B8B7-2C7483BE6B81}"
	ProjectSection(WebsiteProperties) = preProject
		TargetFrameworkMoniker = ".NETFramework,Version%3Dv4.7.2"
		Debug.AspNetCompiler.VirtualPath = "/localhost_10256"
		Debug.AspNetCompiler.PhysicalPath = "HalloWCF\"
		Debug.AspNetCompiler.TargetPath = "PrecompiledWeb\localhost_10256\"
		Debug.AspNetCompiler.Updateable = "true"
		Debug.AspNetCompiler.ForceOverwrite = "true"
		Debug.AspNetCompiler.FixedNames = "false"
		Debug.AspNetCompiler.Debug = "True"
		Release.AspNetCompiler.VirtualPath = "/localhost_10256"
		Release.AspNetCompiler.PhysicalPath = "HalloWCF\"
		Release.AspNetCompiler.TargetPath = "PrecompiledWeb\localhost_10256\"
		Release.AspNetCompiler.Updateable = "true"
		Release.AspNetCompiler.ForceOverwrite = "true"
		Release.AspNetCompiler.FixedNames = "false"
		Release.AspNetCompiler.Debug = "False"
		VWDPort = "10256"
		SlnRelativePath = "HalloWCF\"
		DefaultWebSiteLanguage = "Visual C#"
	EndProjectSection
EndProject
Project("{FAE04EC0-301F-11D3-BF4B-00C04F79EFBC}") = "WcfClient", "WcfClient\WcfClient.csproj", "{818C3894-144F-4F88-B46A-FCB82965F63F}"
	ProjectSection(ProjectDependencies) = postProject
		{4A9F54C2-5E14-4DD7-B8B7-2C7483BE6B81} = {4A9F54C2-5E14-4DD7-B8B7-2C7483BE6B81}
	EndProjectSection
EndProject
Global
	GlobalSection(SolutionConfigurationPlatforms) = preSolution
		Debug|Any CPU = Debug|Any CPU
		Release|Any CPU = Release|Any CPU
	EndGlobalSection
	GlobalSection(ProjectConfigurationPlatforms) = postSolution
		{4A9F54C2-5E14-4DD7-B8B7-2C7483BE6B81}.Debug|Any CPU.ActiveCfg = Debug|Any CPU
		{4A9F54C2-5E14-4DD7-B8B7-2C7483BE6B81}.Debug|Any CPU.Build.0 = Debug|Any CPU
		{4A9F54C2-5E14-4DD7-B8B7-2C7483BE6B81}.Release|Any CPU.ActiveCfg = Debug|Any CPU
		{4A9F54C2-5E14-4DD7-B8B7-2C7483BE6B81}.Release|Any CPU.Build.0 = Debug|Any CPU
		{818C3894-144F-4F88-B46A-FCB82965F63F}.Debug|Any CPU.ActiveCfg = Debug|Any CPU
		{818C3894-144F-4F88-B46A-FCB82965F63F}.Debug|Any CPU.Build.0 = Debug|Any CPU
		{818C3894-144F-4F88-B46A-FCB82965F63F}.Release|Any CPU.ActiveCfg = Release|Any CPU
		{818C3894-144F-4F88-B46A-FCB82965F63F}.Release|Any CPU.Build.0 = Release|Any CPU
	EndGlobalSection
	GlobalSection(SolutionProperties) = preSolution
		HideSolutionNode = FALSE
	EndGlobalSection
	GlobalSection(ExtensibilityGlobals) = postSolution
		SolutionGuid = {ADB22321-D26A-47A8-A245-C03AB050DF07}
	EndGlobalSection
EndGlobal
